{
  "name": "6.mobx",
  "version": "1.0.0",
  "lockfileVersion": 2,
  "requires": true,
  "packages": {
    "": {
      "name": "6.mobx",
      "version": "1.0.0",
      "license": "ISC",
      "dependencies": {
        "mobx": "^6.8.0"
      }
    },
    "node_modules/mobx": {
      "version": "6.8.0",
      "resolved": "https://registry.npmjs.org/mobx/-/mobx-6.8.0.tgz",
      "integrity": "sha512-+o/DrHa4zykFMSKfS8Z+CPSEg5LW9tSNGTuN8o6MF1GKxlfkSHSeJn5UtgxvPkGgaouplnrLXCF+duAsmm6FHQ==",
      "funding": {
        "type": "opencollective",
        "url": "https://opencollective.com/mobx"
      }
    }
  },
  "dependencies": {
    "mobx": {
      "version": "6.8.0",
      "resolved": "https://registry.npmjs.org/mobx/-/mobx-6.8.0.tgz",
      "integrity": "sha512-+o/DrHa4zykFMSKfS8Z+CPSEg5LW9tSNGTuN8o6MF1GKxlfkSHSeJn5UtgxvPkGgaouplnrLXCF+duAsmm6FHQ=="
    }
  }
}
